
Microsoft Visual Studio Solution File, Format Version 12.00
# Visual Studio Version 17
VisualStudioVersion = 17.5.002.0
MinimumVisualStudioVersion = 10.0.40219.1
Project("{2150E333-8FDC-42A3-9474-1A3956D46DE8}") = "section04-day01-api-c-sharp-web", "section04-day01-api-c-sharp-web", "{0BDB7BEB-FBC1-45B4-A6AD-2914E5BFF158}"
EndProject
Project("{2150E333-8FDC-42A3-9474-1A3956D46DE8}") = "section04-day01-exercises", "section04-day01-exercises", "{B5523B22-2399-4142-89A2-A58CE628E41D}"
EndProject
Project("{9A19103F-16F7-4668-BE54-9A1E7A4F7556}") = "LabWebAPI", "section04-day01-api-c-sharp-web\section04-day01-exercises\LabWebAPI\LabWebAPI.csproj", "{967A9EBC-28AC-4A75-BE79-A05FBBE4E437}"
EndProject
Global
	GlobalSection(SolutionConfigurationPlatforms) = preSolution
		Debug|Any CPU = Debug|Any CPU
		Release|Any CPU = Release|Any CPU
	EndGlobalSection
	GlobalSection(ProjectConfigurationPlatforms) = postSolution
		{967A9EBC-28AC-4A75-BE79-A05FBBE4E437}.Debug|Any CPU.ActiveCfg = Debug|Any CPU
		{967A9EBC-28AC-4A75-BE79-A05FBBE4E437}.Debug|Any CPU.Build.0 = Debug|Any CPU
		{967A9EBC-28AC-4A75-BE79-A05FBBE4E437}.Release|Any CPU.ActiveCfg = Release|Any CPU
		{967A9EBC-28AC-4A75-BE79-A05FBBE4E437}.Release|Any CPU.Build.0 = Release|Any CPU
	EndGlobalSection
	GlobalSection(SolutionProperties) = preSolution
		HideSolutionNode = FALSE
	EndGlobalSection
	GlobalSection(NestedProjects) = preSolution
		{B5523B22-2399-4142-89A2-A58CE628E41D} = {0BDB7BEB-FBC1-45B4-A6AD-2914E5BFF158}
		{967A9EBC-28AC-4A75-BE79-A05FBBE4E437} = {B5523B22-2399-4142-89A2-A58CE628E41D}
	EndGlobalSection
	GlobalSection(ExtensibilityGlobals) = postSolution
		SolutionGuid = {7FE2AEE7-E473-4778-B0E4-946D9E3306DE}
	EndGlobalSection
EndGlobal
